{
  "name": "agent-quota-contract-validation",
  "version": "1.0.0",
  "lockfileVersion": 3,
  "requires": true,
  "packages": {
    "": {
      "name": "agent-quota-contract-validation",
      "version": "1.0.0",
      "dependencies": {
        "ajv": "file:offline-npm-bundle-v1/ajv-8.17.1.tgz",
        "fast-deep-equal": "file:offline-npm-bundle-v1/fast-deep-equal-3.1.3.tgz",
        "fast-uri": "file:offline-npm-bundle-v1/fast-uri-3.1.3.tgz",
        "json-schema-traverse": "file:offline-npm-bundle-v1/json-schema-traverse-1.0.0.tgz",
        "require-from-string": "file:offline-npm-bundle-v1/require-from-string-2.0.2.tgz"
      }
    },
    "node_modules/ajv": {
      "version": "8.17.1",
      "resolved": "file:offline-npm-bundle-v1/ajv-8.17.1.tgz",
      "integrity": "sha512-B/gBuNg5SiMTrPkC+A2+cW0RszwxYmn6VYxB/inlBStS5nx6xHIt/ehKRhIMhqusl7a8LjQoZnjCs5vhwxOQ1g==",
      "license": "MIT",
      "dependencies": {
        "fast-deep-equal": "^3.1.3",
        "fast-uri": "^3.0.1",
        "json-schema-traverse": "^1.0.0",
        "require-from-string": "^2.0.2"
      },
      "funding": {
        "type": "github",
        "url": "https://github.com/sponsors/epoberezkin"
      }
    },
    "node_modules/fast-deep-equal": {
      "version": "3.1.3",
      "resolved": "file:offline-npm-bundle-v1/fast-deep-equal-3.1.3.tgz",
      "integrity": "sha512-iVMDpfJ4xM/o14cSQ0/GNF/5ZZg98n5tLclPHrRh28jLPBclIi9fTkrRIAhjHaHTe2D6Ln3q7l5Au7vXGpe35g==",
      "license": "MIT"
    },
    "node_modules/fast-uri": {
      "version": "3.1.3",
      "resolved": "file:offline-npm-bundle-v1/fast-uri-3.1.3.tgz",
      "integrity": "sha512-i70LwGWUduXqzicKXWshooq+sWL1K3WUU5rKZNG/0i3a1OSoX3HqhH5WbWwTmqWfor4urUakGPiRQcleRZTwOg==",
      "funding": [
        {
          "type": "github",
          "url": "https://github.com/sponsors/fastify"
        },
        {
          "type": "opencollective",
          "url": "https://opencollective.com/fastify"
        }
      ],
      "license": "BSD-3-Clause"
    },
    "node_modules/json-schema-traverse": {
      "version": "1.0.0",
      "resolved": "file:offline-npm-bundle-v1/json-schema-traverse-1.0.0.tgz",
      "integrity": "sha512-9eUvgrGD3AfSw/H6OMn80FjuxtHE0PBxApeQ2I2/Zqbb7sshXEfk7ZOfL5dDQllyt6hEZ+eg4Nr11o6C2Ylr3g==",
      "license": "MIT"
    },
    "node_modules/require-from-string": {
      "version": "2.0.2",
      "resolved": "file:offline-npm-bundle-v1/require-from-string-2.0.2.tgz",
      "integrity": "sha512-1vbF2pCOF1Btps/aBFb2+na5J2JCTB4SZCDpM/zTCjKjMsJ4SuInOpw9EJsvUBkmx54I0olKNZXvob58CoghbA==",
      "license": "MIT",
      "engines": {
        "node": ">=0.10.0"
      }
    }
  }
}
